
Microsoft Visual Studio Solution File, Format Version 12.00
# Visual Studio Version 17
VisualStudioVersion = 17.0.31903.59
MinimumVisualStudioVersion = 10.0.40219.1
Project("{2150E333-8FDC-42A3-9474-1A3956D46DE8}") = "src", "src", "{827E0CD3-B72D-47B6-A68D-7590B98EB39B}"
EndProject
Project("{FAE04EC0-301F-11D3-BF4B-00C04F79EFBC}") = "WebAPI1", "src\WebAPI1\WebAPI1.csproj", "{69019DBA-5FCF-4555-984A-541205B517C4}"
EndProject
Project("{FAE04EC0-301F-11D3-BF4B-00C04F79EFBC}") = "WebAPI2", "src\WebAPI2\WebAPI2.csproj", "{CD0485E9-AC3C-4A2F-9722-72778E11B904}"
EndProject
Project("{FAE04EC0-301F-11D3-BF4B-00C04F79EFBC}") = "WebAPI3", "src\WebAPI3\WebAPI3.csproj", "{A560F57D-E73B-484E-B9A1-A9D9DC8A6DFC}"
EndProject
Project("{FAE04EC0-301F-11D3-BF4B-00C04F79EFBC}") = "MVCClient", "src\MVCClient\MVCClient.csproj", "{DCE9BFE3-D2DA-4B58-AC45-40EA66C8E917}"
EndProject
Global
	GlobalSection(SolutionConfigurationPlatforms) = preSolution
		Debug|Any CPU = Debug|Any CPU
		Debug|x64 = Debug|x64
		Debug|x86 = Debug|x86
		Release|Any CPU = Release|Any CPU
		Release|x64 = Release|x64
		Release|x86 = Release|x86
	EndGlobalSection
	GlobalSection(ProjectConfigurationPlatforms) = postSolution
		{69019DBA-5FCF-4555-984A-541205B517C4}.Debug|Any CPU.ActiveCfg = Debug|Any CPU
		{69019DBA-5FCF-4555-984A-541205B517C4}.Debug|Any CPU.Build.0 = Debug|Any CPU
		{69019DBA-5FCF-4555-984A-541205B517C4}.Debug|x64.ActiveCfg = Debug|Any CPU
		{69019DBA-5FCF-4555-984A-541205B517C4}.Debug|x64.Build.0 = Debug|Any CPU
		{69019DBA-5FCF-4555-984A-541205B517C4}.Debug|x86.ActiveCfg = Debug|Any CPU
		{69019DBA-5FCF-4555-984A-541205B517C4}.Debug|x86.Build.0 = Debug|Any CPU
		{69019DBA-5FCF-4555-984A-541205B517C4}.Release|Any CPU.ActiveCfg = Release|Any CPU
		{69019DBA-5FCF-4555-984A-541205B517C4}.Release|Any CPU.Build.0 = Release|Any CPU
		{69019DBA-5FCF-4555-984A-541205B517C4}.Release|x64.ActiveCfg = Release|Any CPU
		{69019DBA-5FCF-4555-984A-541205B517C4}.Release|x64.Build.0 = Release|Any CPU
		{69019DBA-5FCF-4555-984A-541205B517C4}.Release|x86.ActiveCfg = Release|Any CPU
		{69019DBA-5FCF-4555-984A-541205B517C4}.Release|x86.Build.0 = Release|Any CPU
		{CD0485E9-AC3C-4A2F-9722-72778E11B904}.Debug|Any CPU.ActiveCfg = Debug|Any CPU
		{CD0485E9-AC3C-4A2F-9722-72778E11B904}.Debug|Any CPU.Build.0 = Debug|Any CPU
		{CD0485E9-AC3C-4A2F-9722-72778E11B904}.Debug|x64.ActiveCfg = Debug|Any CPU
		{CD0485E9-AC3C-4A2F-9722-72778E11B904}.Debug|x64.Build.0 = Debug|Any CPU
		{CD0485E9-AC3C-4A2F-9722-72778E11B904}.Debug|x86.ActiveCfg = Debug|Any CPU
		{CD0485E9-AC3C-4A2F-9722-72778E11B904}.Debug|x86.Build.0 = Debug|Any CPU
		{CD0485E9-AC3C-4A2F-9722-72778E11B904}.Release|Any CPU.ActiveCfg = Release|Any CPU
		{CD0485E9-AC3C-4A2F-9722-72778E11B904}.Release|Any CPU.Build.0 = Release|Any CPU
		{CD0485E9-AC3C-4A2F-9722-72778E11B904}.Release|x64.ActiveCfg = Release|Any CPU
		{CD0485E9-AC3C-4A2F-9722-72778E11B904}.Release|x64.Build.0 = Release|Any CPU
		{CD0485E9-AC3C-4A2F-9722-72778E11B904}.Release|x86.ActiveCfg = Release|Any CPU
		{CD0485E9-AC3C-4A2F-9722-72778E11B904}.Release|x86.Build.0 = Release|Any CPU
		{A560F57D-E73B-484E-B9A1-A9D9DC8A6DFC}.Debug|Any CPU.ActiveCfg = Debug|Any CPU
		{A560F57D-E73B-484E-B9A1-A9D9DC8A6DFC}.Debug|Any CPU.Build.0 = Debug|Any CPU
		{A560F57D-E73B-484E-B9A1-A9D9DC8A6DFC}.Debug|x64.ActiveCfg = Debug|Any CPU
		{A560F57D-E73B-484E-B9A1-A9D9DC8A6DFC}.Debug|x64.Build.0 = Debug|Any CPU
		{A560F57D-E73B-484E-B9A1-A9D9DC8A6DFC}.Debug|x86.ActiveCfg = Debug|Any CPU
		{A560F57D-E73B-484E-B9A1-A9D9DC8A6DFC}.Debug|x86.Build.0 = Debug|Any CPU
		{A560F57D-E73B-484E-B9A1-A9D9DC8A6DFC}.Release|Any CPU.ActiveCfg = Release|Any CPU
		{A560F57D-E73B-484E-B9A1-A9D9DC8A6DFC}.Release|Any CPU.Build.0 = Release|Any CPU
		{A560F57D-E73B-484E-B9A1-A9D9DC8A6DFC}.Release|x64.ActiveCfg = Release|Any CPU
		{A560F57D-E73B-484E-B9A1-A9D9DC8A6DFC}.Release|x64.Build.0 = Release|Any CPU
		{A560F57D-E73B-484E-B9A1-A9D9DC8A6DFC}.Release|x86.ActiveCfg = Release|Any CPU
		{A560F57D-E73B-484E-B9A1-A9D9DC8A6DFC}.Release|x86.Build.0 = Release|Any CPU
		{DCE9BFE3-D2DA-4B58-AC45-40EA66C8E917}.Debug|Any CPU.ActiveCfg = Debug|Any CPU
		{DCE9BFE3-D2DA-4B58-AC45-40EA66C8E917}.Debug|Any CPU.Build.0 = Debug|Any CPU
		{DCE9BFE3-D2DA-4B58-AC45-40EA66C8E917}.Debug|x64.ActiveCfg = Debug|Any CPU
		{DCE9BFE3-D2DA-4B58-AC45-40EA66C8E917}.Debug|x64.Build.0 = Debug|Any CPU
		{DCE9BFE3-D2DA-4B58-AC45-40EA66C8E917}.Debug|x86.ActiveCfg = Debug|Any CPU
		{DCE9BFE3-D2DA-4B58-AC45-40EA66C8E917}.Debug|x86.Build.0 = Debug|Any CPU
		{DCE9BFE3-D2DA-4B58-AC45-40EA66C8E917}.Release|Any CPU.ActiveCfg = Release|Any CPU
		{DCE9BFE3-D2DA-4B58-AC45-40EA66C8E917}.Release|Any CPU.Build.0 = Release|Any CPU
		{DCE9BFE3-D2DA-4B58-AC45-40EA66C8E917}.Release|x64.ActiveCfg = Release|Any CPU
		{DCE9BFE3-D2DA-4B58-AC45-40EA66C8E917}.Release|x64.Build.0 = Release|Any CPU
		{DCE9BFE3-D2DA-4B58-AC45-40EA66C8E917}.Release|x86.ActiveCfg = Release|Any CPU
		{DCE9BFE3-D2DA-4B58-AC45-40EA66C8E917}.Release|x86.Build.0 = Release|Any CPU
	EndGlobalSection
	GlobalSection(SolutionProperties) = preSolution
		HideSolutionNode = FALSE
	EndGlobalSection
	GlobalSection(NestedProjects) = preSolution
		{69019DBA-5FCF-4555-984A-541205B517C4} = {827E0CD3-B72D-47B6-A68D-7590B98EB39B}
		{CD0485E9-AC3C-4A2F-9722-72778E11B904} = {827E0CD3-B72D-47B6-A68D-7590B98EB39B}
		{A560F57D-E73B-484E-B9A1-A9D9DC8A6DFC} = {827E0CD3-B72D-47B6-A68D-7590B98EB39B}
		{DCE9BFE3-D2DA-4B58-AC45-40EA66C8E917} = {827E0CD3-B72D-47B6-A68D-7590B98EB39B}
	EndGlobalSection
EndGlobal
